
Microsoft Visual Studio Solution File, Format Version 12.00
# Visual Studio Version 17
VisualStudioVersion = 17.7.34018.315
MinimumVisualStudioVersion = 10.0.40219.1
Project("{FAE04EC0-301F-11D3-BF4B-00C04F79EFBC}") = "LocationTrackerApi", "LocationTrackerApi\LocationTrackerApi.csproj", "{D7E235D9-A965-42E2-911F-478DBEAE1D40}"
EndProject
Global
	GlobalSection(SolutionConfigurationPlatforms) = preSolution
		Debug|Any CPU = Debug|Any CPU
		Release|Any CPU = Release|Any CPU
	EndGlobalSection
	GlobalSection(ProjectConfigurationPlatforms) = postSolution
		{D7E235D9-A965-42E2-911F-478DBEAE1D40}.Debug|Any CPU.ActiveCfg = Debug|Any CPU
		{D7E235D9-A965-42E2-911F-478DBEAE1D40}.Debug|Any CPU.Build.0 = Debug|Any CPU
		{D7E235D9-A965-42E2-911F-478DBEAE1D40}.Release|Any CPU.ActiveCfg = Release|Any CPU
		{D7E235D9-A965-42E2-911F-478DBEAE1D40}.Release|Any CPU.Build.0 = Release|Any CPU
	EndGlobalSection
	GlobalSection(SolutionProperties) = preSolution
		HideSolutionNode = FALSE
	EndGlobalSection
	GlobalSection(ExtensibilityGlobals) = postSolution
		SolutionGuid = {A81B3C9B-37AF-4AA7-B3DF-72B7201CF01B}
	EndGlobalSection
EndGlobal
